{
  "name": "ajs_test",
  "version": "1.0.0",
  "lockfileVersion": 1,
  "requires": true,
  "dependencies": {
    "@mixact/ajs": {
      "version": "1.0.0",
      "resolved": "https://npm.pkg.github.com/download/@mixact/ajs/1.0.0/fc6e9359bc30bcd5b9e49b774c79cf0467e62686",
      "integrity": "sha512-cz5TrbVSN+NcwxGcNHcKeTNtqUX9A1S9R+gkgoNNYDFcbeh7GUDztP2dlKPbD6YF867xwcgCBbE/7Wh4mkzMHA=="
    }
  }
}
